
Microsoft Visual Studio Solution File, Format Version 12.00
# Visual Studio Version 17
VisualStudioVersion = 17.2.32630.192
MinimumVisualStudioVersion = 10.0.40219.1
Project("{9A19103F-16F7-4668-BE54-9A1E7A4F7556}") = "R5T.S0079", "R5T.S0079\R5T.S0079.csproj", "{D3BFA8A2-0E32-4095-9F22-A24482BED4FB}"
EndProject
Project("{2150E333-8FDC-42A3-9474-1A3956D46DE8}") = "_Dependencies", "_Dependencies", "{93FDE13A-E14C-462A-899E-A7240CA1C43A}"
EndProject
Project("{9A19103F-16F7-4668-BE54-9A1E7A4F7556}") = "R5T.F0000", "..\..\R5T.F0000\source\R5T.F0000\R5T.F0000.csproj", "{1A8DDDF0-5C5A-441B-87CE-78723CA61B22}"
EndProject
Project("{9A19103F-16F7-4668-BE54-9A1E7A4F7556}") = "R5T.F0002", "..\..\R5T.F0002\source\R5T.F0002\R5T.F0002.csproj", "{78BE32FB-D81A-4D33-888E-467B97A31F1F}"
EndProject
Project("{9A19103F-16F7-4668-BE54-9A1E7A4F7556}") = "R5T.F0120", "..\..\R5T.F0120\source\R5T.F0120\R5T.F0120.csproj", "{34104B02-7EDF-47A3-91CD-31633318B0F4}"
EndProject
Project("{9A19103F-16F7-4668-BE54-9A1E7A4F7556}") = "R5T.F0124", "..\..\R5T.F0124\source\R5T.F0124\R5T.F0124.csproj", "{F2C4A580-2403-47D0-9D69-D804DBE35BEE}"
EndProject
Project("{9A19103F-16F7-4668-BE54-9A1E7A4F7556}") = "R5T.F0125", "..\..\R5T.F0125\source\R5T.F0125\R5T.F0125.csproj", "{93F885C9-B15C-4DEE-AE17-2C0D04FF9687}"
EndProject
Project("{9A19103F-16F7-4668-BE54-9A1E7A4F7556}") = "R5T.F0137", "..\..\R5T.F0137\source\R5T.F0137\R5T.F0137.csproj", "{43A3ECB3-2D4A-4CAF-A28A-42E36D2230E6}"
EndProject
Project("{9A19103F-16F7-4668-BE54-9A1E7A4F7556}") = "R5T.L0030.T000", "..\..\R5T.L0030\source\R5T.L0030.T000\R5T.L0030.T000.csproj", "{9632EBA6-7811-4F5A-9062-2708D1024E40}"
EndProject
Project("{9A19103F-16F7-4668-BE54-9A1E7A4F7556}") = "R5T.L0030", "..\..\R5T.L0030\source\R5T.L0030\R5T.L0030.csproj", "{A7B9DDE8-460D-4AF0-BEFC-AE5B2263936E}"
EndProject
Project("{9A19103F-16F7-4668-BE54-9A1E7A4F7556}") = "R5T.L0034", "..\..\R5T.L0034\source\R5T.L0034\R5T.L0034.csproj", "{EC9F1769-4A61-4173-9AFD-CDC8D0263414}"
EndProject
Project("{9A19103F-16F7-4668-BE54-9A1E7A4F7556}") = "R5T.L0035", "..\..\R5T.L0035\source\R5T.L0035\R5T.L0035.csproj", "{01EDE568-AD1A-455C-9107-9E954A2F3229}"
EndProject
Project("{9A19103F-16F7-4668-BE54-9A1E7A4F7556}") = "R5T.O0022", "..\..\R5T.O0022\source\R5T.O0022\R5T.O0022.csproj", "{A8C1A896-B28A-4343-880E-D85739874D0A}"
EndProject
Project("{9A19103F-16F7-4668-BE54-9A1E7A4F7556}") = "R5T.T0131", "..\..\R5T.T0131\source\R5T.T0131\R5T.T0131.csproj", "{5A73F518-79DC-4B15-A1EB-0E80E4F80A0B}"
EndProject
Project("{9A19103F-16F7-4668-BE54-9A1E7A4F7556}") = "R5T.T0132", "..\..\R5T.T0132\source\R5T.T0132\R5T.T0132.csproj", "{F9E22E93-3F6B-4DA3-824C-21E47ADA936C}"
EndProject
Project("{9A19103F-16F7-4668-BE54-9A1E7A4F7556}") = "R5T.T0142", "..\..\R5T.T0142\source\R5T.T0142\R5T.T0142.csproj", "{6129245F-439A-4278-AE86-2A869AD63ED6}"
EndProject
Project("{9A19103F-16F7-4668-BE54-9A1E7A4F7556}") = "R5T.T0143", "..\..\R5T.T0143\source\R5T.T0143\R5T.T0143.csproj", "{DFF36A5E-BC6C-4DF3-9746-B501EDE9D4A5}"
EndProject
Project("{9A19103F-16F7-4668-BE54-9A1E7A4F7556}") = "R5T.T0156", "..\..\R5T.T0156\source\R5T.T0156\R5T.T0156.csproj", "{730B154E-64BC-4811-9484-AEFE160951C0}"
EndProject
Project("{9A19103F-16F7-4668-BE54-9A1E7A4F7556}") = "R5T.T0174", "..\..\R5T.T0174\source\R5T.T0174\R5T.T0174.csproj", "{D171D09A-AECB-448F-B3C2-9B3B80265E16}"
EndProject
Project("{9A19103F-16F7-4668-BE54-9A1E7A4F7556}") = "R5T.T0176", "..\..\R5T.T0176\source\R5T.T0176\R5T.T0176.csproj", "{52CB69C8-4A06-49E8-B946-3A2F7F5B17B8}"
EndProject
Project("{9A19103F-16F7-4668-BE54-9A1E7A4F7556}") = "R5T.T0177", "..\..\R5T.T0177\source\R5T.T0177\R5T.T0177.csproj", "{7A87E7E8-BAEE-4FC4-9D0A-9A1AB286DE53}"
EndProject
Project("{9A19103F-16F7-4668-BE54-9A1E7A4F7556}") = "R5T.T0178", "..\..\R5T.T0178\source\R5T.T0178\R5T.T0178.csproj", "{6A9F031D-4129-45DE-B3A8-F8F6447C8972}"
EndProject
Project("{9A19103F-16F7-4668-BE54-9A1E7A4F7556}") = "R5T.T0179", "..\..\R5T.T0179\source\R5T.T0179\R5T.T0179.csproj", "{79A1D1CF-F8FA-43AE-A096-F53D8450EC88}"
EndProject
Project("{9A19103F-16F7-4668-BE54-9A1E7A4F7556}") = "R5T.T0180", "..\..\R5T.T0180\source\R5T.T0180\R5T.T0180.csproj", "{1CDAC938-C496-4226-9D29-84784A5DEBAD}"
EndProject
Project("{9A19103F-16F7-4668-BE54-9A1E7A4F7556}") = "R5T.T0181", "..\..\R5T.T0181\source\R5T.T0181\R5T.T0181.csproj", "{3F31004D-A7C2-4681-B6D6-F0568E110D66}"
EndProject
Project("{9A19103F-16F7-4668-BE54-9A1E7A4F7556}") = "R5T.T0185", "..\..\R5T.T0185\source\R5T.T0185\R5T.T0185.csproj", "{560D69AB-F174-46CD-BF53-ED405576E048}"
EndProject
Project("{9A19103F-16F7-4668-BE54-9A1E7A4F7556}") = "R5T.T0203", "..\..\R5T.T0203\source\R5T.T0203\R5T.T0203.csproj", "{57499B5D-CB3C-4899-952F-6BA4559EFF60}"
EndProject
Project("{9A19103F-16F7-4668-BE54-9A1E7A4F7556}") = "R5T.Y0000", "..\..\R5T.Y0000\source\R5T.Y0000\R5T.Y0000.csproj", "{2B9EFA12-757B-4F72-936C-E52E552CC7BF}"
EndProject
Project("{9A19103F-16F7-4668-BE54-9A1E7A4F7556}") = "R5T.Z0000", "..\..\R5T.Z0000\source\R5T.Z0000\R5T.Z0000.csproj", "{6455CE18-68A9-4E67-80D4-2A78839900B9}"
EndProject
Project("{9A19103F-16F7-4668-BE54-9A1E7A4F7556}") = "R5T.L0032.T000", "..\..\R5T.L0032\source\R5T.L0032.T000\R5T.L0032.T000.csproj", "{80ECC293-A5DA-4AB4-A40B-0928B064A670}"
EndProject
Project("{9A19103F-16F7-4668-BE54-9A1E7A4F7556}") = "R5T.T0150", "..\..\R5T.T0150\source\R5T.T0150\R5T.T0150.csproj", "{12C2A3F4-0116-41A6-9522-23CD5053FCAB}"
EndProject
Project("{9A19103F-16F7-4668-BE54-9A1E7A4F7556}") = "R5T.T0151", "..\..\R5T.T0151\source\R5T.T0151\R5T.T0151.csproj", "{6E3067A1-C204-4D6F-BE60-122D4760AF0B}"
EndProject
Project("{9A19103F-16F7-4668-BE54-9A1E7A4F7556}") = "R5T.T0161", "..\..\R5T.T0161\source\R5T.T0161\R5T.T0161.csproj", "{01A2E270-AADA-4991-8E56-EFCB59C4F6A5}"
EndProject
Project("{9A19103F-16F7-4668-BE54-9A1E7A4F7556}") = "R5T.T0172", "..\..\R5T.T0172\source\R5T.T0172\R5T.T0172.csproj", "{6D865FF5-0093-4A68-BD2F-9B8679F33F91}"
EndProject
Project("{9A19103F-16F7-4668-BE54-9A1E7A4F7556}") = "R5T.T0184", "..\..\R5T.T0184\source\R5T.T0184\R5T.T0184.csproj", "{58463B9A-B290-4968-818C-3BFCA6CB1935}"
EndProject
Project("{9A19103F-16F7-4668-BE54-9A1E7A4F7556}") = "R5T.T0186", "..\..\R5T.T0186\source\R5T.T0186\R5T.T0186.csproj", "{589A1A8F-138B-4439-92F3-02A87726675B}"
EndProject
Project("{9A19103F-16F7-4668-BE54-9A1E7A4F7556}") = "R5T.T0187", "..\..\R5T.T0187\source\R5T.T0187\R5T.T0187.csproj", "{44047DEF-2B16-48A2-BF0D-36977C97D65F}"
EndProject
Project("{9A19103F-16F7-4668-BE54-9A1E7A4F7556}") = "R5T.T0196", "..\..\R5T.T0196\source\R5T.T0196\R5T.T0196.csproj", "{47DBDD0C-0840-4DC2-8030-E8063B9F11D9}"
EndProject
Project("{9A19103F-16F7-4668-BE54-9A1E7A4F7556}") = "R5T.T0197", "..\..\R5T.T0197\source\R5T.T0197\R5T.T0197.csproj", "{082C3649-D5E1-4233-A1DA-61F76EF82DD5}"
EndProject
Project("{9A19103F-16F7-4668-BE54-9A1E7A4F7556}") = "R5T.T0198", "..\..\R5T.T0198\source\R5T.T0198\R5T.T0198.csproj", "{D058EC94-B532-4CE6-9D64-97BF0EF2859D}"
EndProject
Project("{9A19103F-16F7-4668-BE54-9A1E7A4F7556}") = "R5T.Z0046", "..\..\R5T.Z0046\source\R5T.Z0046\R5T.Z0046.csproj", "{B361C04E-8330-4703-937C-1B909B2EE7DD}"
EndProject
Project("{9A19103F-16F7-4668-BE54-9A1E7A4F7556}") = "R5T.NG0019", "..\..\R5T.NG0019\source\R5T.NG0019\R5T.NG0019.csproj", "{A012D213-4278-42DE-BC2F-5C1BD4343EAA}"
EndProject
Project("{9A19103F-16F7-4668-BE54-9A1E7A4F7556}") = "R5T.F0135", "..\..\R5T.F0135\source\R5T.F0135\R5T.F0135.csproj", "{29A62592-7F0A-473D-A869-5C2647C80ED9}"
EndProject
Project("{9A19103F-16F7-4668-BE54-9A1E7A4F7556}") = "R5T.F0136", "..\..\R5T.F0136\source\R5T.F0136\R5T.F0136.csproj", "{C1DBB2A6-3A92-4495-A454-3134C69A21EF}"
EndProject
Project("{9A19103F-16F7-4668-BE54-9A1E7A4F7556}") = "R5T.NG0020", "..\..\R5T.NG0020\source\R5T.NG0020\R5T.NG0020.csproj", "{4790803E-21B8-4FE6-991C-EC2430D0580D}"
EndProject
Project("{9A19103F-16F7-4668-BE54-9A1E7A4F7556}") = "R5T.NG0021", "..\..\R5T.NG0021\source\R5T.NG0021\R5T.NG0021.csproj", "{E4B9C65B-F87F-48B7-A8BF-1F2B8EE93440}"
EndProject
Global
	GlobalSection(NestedProjects) = preSolution
		{1A8DDDF0-5C5A-441B-87CE-78723CA61B22} = {93FDE13A-E14C-462A-899E-A7240CA1C43A}
		{78BE32FB-D81A-4D33-888E-467B97A31F1F} = {93FDE13A-E14C-462A-899E-A7240CA1C43A}
		{34104B02-7EDF-47A3-91CD-31633318B0F4} = {93FDE13A-E14C-462A-899E-A7240CA1C43A}
		{F2C4A580-2403-47D0-9D69-D804DBE35BEE} = {93FDE13A-E14C-462A-899E-A7240CA1C43A}
		{93F885C9-B15C-4DEE-AE17-2C0D04FF9687} = {93FDE13A-E14C-462A-899E-A7240CA1C43A}
		{43A3ECB3-2D4A-4CAF-A28A-42E36D2230E6} = {93FDE13A-E14C-462A-899E-A7240CA1C43A}
		{9632EBA6-7811-4F5A-9062-2708D1024E40} = {93FDE13A-E14C-462A-899E-A7240CA1C43A}
		{A7B9DDE8-460D-4AF0-BEFC-AE5B2263936E} = {93FDE13A-E14C-462A-899E-A7240CA1C43A}
		{EC9F1769-4A61-4173-9AFD-CDC8D0263414} = {93FDE13A-E14C-462A-899E-A7240CA1C43A}
		{01EDE568-AD1A-455C-9107-9E954A2F3229} = {93FDE13A-E14C-462A-899E-A7240CA1C43A}
		{A8C1A896-B28A-4343-880E-D85739874D0A} = {93FDE13A-E14C-462A-899E-A7240CA1C43A}
		{5A73F518-79DC-4B15-A1EB-0E80E4F80A0B} = {93FDE13A-E14C-462A-899E-A7240CA1C43A}
		{F9E22E93-3F6B-4DA3-824C-21E47ADA936C} = {93FDE13A-E14C-462A-899E-A7240CA1C43A}
		{6129245F-439A-4278-AE86-2A869AD63ED6} = {93FDE13A-E14C-462A-899E-A7240CA1C43A}
		{DFF36A5E-BC6C-4DF3-9746-B501EDE9D4A5} = {93FDE13A-E14C-462A-899E-A7240CA1C43A}
		{730B154E-64BC-4811-9484-AEFE160951C0} = {93FDE13A-E14C-462A-899E-A7240CA1C43A}
		{D171D09A-AECB-448F-B3C2-9B3B80265E16} = {93FDE13A-E14C-462A-899E-A7240CA1C43A}
		{52CB69C8-4A06-49E8-B946-3A2F7F5B17B8} = {93FDE13A-E14C-462A-899E-A7240CA1C43A}
		{7A87E7E8-BAEE-4FC4-9D0A-9A1AB286DE53} = {93FDE13A-E14C-462A-899E-A7240CA1C43A}
		{6A9F031D-4129-45DE-B3A8-F8F6447C8972} = {93FDE13A-E14C-462A-899E-A7240CA1C43A}
		{79A1D1CF-F8FA-43AE-A096-F53D8450EC88} = {93FDE13A-E14C-462A-899E-A7240CA1C43A}
		{1CDAC938-C496-4226-9D29-84784A5DEBAD} = {93FDE13A-E14C-462A-899E-A7240CA1C43A}
		{3F31004D-A7C2-4681-B6D6-F0568E110D66} = {93FDE13A-E14C-462A-899E-A7240CA1C43A}
		{560D69AB-F174-46CD-BF53-ED405576E048} = {93FDE13A-E14C-462A-899E-A7240CA1C43A}
		{57499B5D-CB3C-4899-952F-6BA4559EFF60} = {93FDE13A-E14C-462A-899E-A7240CA1C43A}
		{2B9EFA12-757B-4F72-936C-E52E552CC7BF} = {93FDE13A-E14C-462A-899E-A7240CA1C43A}
		{6455CE18-68A9-4E67-80D4-2A78839900B9} = {93FDE13A-E14C-462A-899E-A7240CA1C43A}
		{80ECC293-A5DA-4AB4-A40B-0928B064A670} = {93FDE13A-E14C-462A-899E-A7240CA1C43A}
		{12C2A3F4-0116-41A6-9522-23CD5053FCAB} = {93FDE13A-E14C-462A-899E-A7240CA1C43A}
		{6E3067A1-C204-4D6F-BE60-122D4760AF0B} = {93FDE13A-E14C-462A-899E-A7240CA1C43A}
		{01A2E270-AADA-4991-8E56-EFCB59C4F6A5} = {93FDE13A-E14C-462A-899E-A7240CA1C43A}
		{6D865FF5-0093-4A68-BD2F-9B8679F33F91} = {93FDE13A-E14C-462A-899E-A7240CA1C43A}
		{58463B9A-B290-4968-818C-3BFCA6CB1935} = {93FDE13A-E14C-462A-899E-A7240CA1C43A}
		{589A1A8F-138B-4439-92F3-02A87726675B} = {93FDE13A-E14C-462A-899E-A7240CA1C43A}
		{44047DEF-2B16-48A2-BF0D-36977C97D65F} = {93FDE13A-E14C-462A-899E-A7240CA1C43A}
		{47DBDD0C-0840-4DC2-8030-E8063B9F11D9} = {93FDE13A-E14C-462A-899E-A7240CA1C43A}
		{082C3649-D5E1-4233-A1DA-61F76EF82DD5} = {93FDE13A-E14C-462A-899E-A7240CA1C43A}
		{D058EC94-B532-4CE6-9D64-97BF0EF2859D} = {93FDE13A-E14C-462A-899E-A7240CA1C43A}
		{B361C04E-8330-4703-937C-1B909B2EE7DD} = {93FDE13A-E14C-462A-899E-A7240CA1C43A}
		{A012D213-4278-42DE-BC2F-5C1BD4343EAA} = {93FDE13A-E14C-462A-899E-A7240CA1C43A}
		{29A62592-7F0A-473D-A869-5C2647C80ED9} = {93FDE13A-E14C-462A-899E-A7240CA1C43A}
		{C1DBB2A6-3A92-4495-A454-3134C69A21EF} = {93FDE13A-E14C-462A-899E-A7240CA1C43A}
		{4790803E-21B8-4FE6-991C-EC2430D0580D} = {93FDE13A-E14C-462A-899E-A7240CA1C43A}
		{E4B9C65B-F87F-48B7-A8BF-1F2B8EE93440} = {93FDE13A-E14C-462A-899E-A7240CA1C43A}
	EndGlobalSection
	GlobalSection(SolutionConfigurationPlatforms) = preSolution
		Debug|Any CPU = Debug|Any CPU
		Release|Any CPU = Release|Any CPU
	EndGlobalSection
	GlobalSection(ProjectConfigurationPlatforms) = postSolution
		{D3BFA8A2-0E32-4095-9F22-A24482BED4FB}.Debug|Any CPU.ActiveCfg = Debug|Any CPU
		{D3BFA8A2-0E32-4095-9F22-A24482BED4FB}.Debug|Any CPU.Build.0 = Debug|Any CPU
		{D3BFA8A2-0E32-4095-9F22-A24482BED4FB}.Release|Any CPU.ActiveCfg = Release|Any CPU
		{D3BFA8A2-0E32-4095-9F22-A24482BED4FB}.Release|Any CPU.Build.0 = Release|Any CPU
		{1A8DDDF0-5C5A-441B-87CE-78723CA61B22}.Debug|Any CPU.ActiveCfg = Debug|Any CPU
		{1A8DDDF0-5C5A-441B-87CE-78723CA61B22}.Debug|Any CPU.Build.0 = Debug|Any CPU
		{1A8DDDF0-5C5A-441B-87CE-78723CA61B22}.Release|Any CPU.ActiveCfg = Release|Any CPU
		{1A8DDDF0-5C5A-441B-87CE-78723CA61B22}.Release|Any CPU.Build.0 = Release|Any CPU
		{78BE32FB-D81A-4D33-888E-467B97A31F1F}.Debug|Any CPU.ActiveCfg = Debug|Any CPU
		{78BE32FB-D81A-4D33-888E-467B97A31F1F}.Debug|Any CPU.Build.0 = Debug|Any CPU
		{78BE32FB-D81A-4D33-888E-467B97A31F1F}.Release|Any CPU.ActiveCfg = Release|Any CPU
		{78BE32FB-D81A-4D33-888E-467B97A31F1F}.Release|Any CPU.Build.0 = Release|Any CPU
		{34104B02-7EDF-47A3-91CD-31633318B0F4}.Debug|Any CPU.ActiveCfg = Debug|Any CPU
		{34104B02-7EDF-47A3-91CD-31633318B0F4}.Debug|Any CPU.Build.0 = Debug|Any CPU
		{34104B02-7EDF-47A3-91CD-31633318B0F4}.Release|Any CPU.ActiveCfg = Release|Any CPU
		{34104B02-7EDF-47A3-91CD-31633318B0F4}.Release|Any CPU.Build.0 = Release|Any CPU
		{F2C4A580-2403-47D0-9D69-D804DBE35BEE}.Debug|Any CPU.ActiveCfg = Debug|Any CPU
		{F2C4A580-2403-47D0-9D69-D804DBE35BEE}.Debug|Any CPU.Build.0 = Debug|Any CPU
		{F2C4A580-2403-47D0-9D69-D804DBE35BEE}.Release|Any CPU.ActiveCfg = Release|Any CPU
		{F2C4A580-2403-47D0-9D69-D804DBE35BEE}.Release|Any CPU.Build.0 = Release|Any CPU
		{93F885C9-B15C-4DEE-AE17-2C0D04FF9687}.Debug|Any CPU.ActiveCfg = Debug|Any CPU
		{93F885C9-B15C-4DEE-AE17-2C0D04FF9687}.Debug|Any CPU.Build.0 = Debug|Any CPU
		{93F885C9-B15C-4DEE-AE17-2C0D04FF9687}.Release|Any CPU.ActiveCfg = Release|Any CPU
		{93F885C9-B15C-4DEE-AE17-2C0D04FF9687}.Release|Any CPU.Build.0 = Release|Any CPU
		{43A3ECB3-2D4A-4CAF-A28A-42E36D2230E6}.Debug|Any CPU.ActiveCfg = Debug|Any CPU
		{43A3ECB3-2D4A-4CAF-A28A-42E36D2230E6}.Debug|Any CPU.Build.0 = Debug|Any CPU
		{43A3ECB3-2D4A-4CAF-A28A-42E36D2230E6}.Release|Any CPU.ActiveCfg = Release|Any CPU
		{43A3ECB3-2D4A-4CAF-A28A-42E36D2230E6}.Release|Any CPU.Build.0 = Release|Any CPU
		{9632EBA6-7811-4F5A-9062-2708D1024E40}.Debug|Any CPU.ActiveCfg = Debug|Any CPU
		{9632EBA6-7811-4F5A-9062-2708D1024E40}.Debug|Any CPU.Build.0 = Debug|Any CPU
		{9632EBA6-7811-4F5A-9062-2708D1024E40}.Release|Any CPU.ActiveCfg = Release|Any CPU
		{9632EBA6-7811-4F5A-9062-2708D1024E40}.Release|Any CPU.Build.0 = Release|Any CPU
		{A7B9DDE8-460D-4AF0-BEFC-AE5B2263936E}.Debug|Any CPU.ActiveCfg = Debug|Any CPU
		{A7B9DDE8-460D-4AF0-BEFC-AE5B2263936E}.Debug|Any CPU.Build.0 = Debug|Any CPU
		{A7B9DDE8-460D-4AF0-BEFC-AE5B2263936E}.Release|Any CPU.ActiveCfg = Release|Any CPU
		{A7B9DDE8-460D-4AF0-BEFC-AE5B2263936E}.Release|Any CPU.Build.0 = Release|Any CPU
		{EC9F1769-4A61-4173-9AFD-CDC8D0263414}.Debug|Any CPU.ActiveCfg = Debug|Any CPU
		{EC9F1769-4A61-4173-9AFD-CDC8D0263414}.Debug|Any CPU.Build.0 = Debug|Any CPU
		{EC9F1769-4A61-4173-9AFD-CDC8D0263414}.Release|Any CPU.ActiveCfg = Release|Any CPU
		{EC9F1769-4A61-4173-9AFD-CDC8D0263414}.Release|Any CPU.Build.0 = Release|Any CPU
		{01EDE568-AD1A-455C-9107-9E954A2F3229}.Debug|Any CPU.ActiveCfg = Debug|Any CPU
		{01EDE568-AD1A-455C-9107-9E954A2F3229}.Debug|Any CPU.Build.0 = Debug|Any CPU
		{01EDE568-AD1A-455C-9107-9E954A2F3229}.Release|Any CPU.ActiveCfg = Release|Any CPU
		{01EDE568-AD1A-455C-9107-9E954A2F3229}.Release|Any CPU.Build.0 = Release|Any CPU
		{A8C1A896-B28A-4343-880E-D85739874D0A}.Debug|Any CPU.ActiveCfg = Debug|Any CPU
		{A8C1A896-B28A-4343-880E-D85739874D0A}.Debug|Any CPU.Build.0 = Debug|Any CPU
		{A8C1A896-B28A-4343-880E-D85739874D0A}.Release|Any CPU.ActiveCfg = Release|Any CPU
		{A8C1A896-B28A-4343-880E-D85739874D0A}.Release|Any CPU.Build.0 = Release|Any CPU
		{5A73F518-79DC-4B15-A1EB-0E80E4F80A0B}.Debug|Any CPU.ActiveCfg = Debug|Any CPU
		{5A73F518-79DC-4B15-A1EB-0E80E4F80A0B}.Debug|Any CPU.Build.0 = Debug|Any CPU
		{5A73F518-79DC-4B15-A1EB-0E80E4F80A0B}.Release|Any CPU.ActiveCfg = Release|Any CPU
		{5A73F518-79DC-4B15-A1EB-0E80E4F80A0B}.Release|Any CPU.Build.0 = Release|Any CPU
		{F9E22E93-3F6B-4DA3-824C-21E47ADA936C}.Debug|Any CPU.ActiveCfg = Debug|Any CPU
		{F9E22E93-3F6B-4DA3-824C-21E47ADA936C}.Debug|Any CPU.Build.0 = Debug|Any CPU
		{F9E22E93-3F6B-4DA3-824C-21E47ADA936C}.Release|Any CPU.ActiveCfg = Release|Any CPU
		{F9E22E93-3F6B-4DA3-824C-21E47ADA936C}.Release|Any CPU.Build.0 = Release|Any CPU
		{6129245F-439A-4278-AE86-2A869AD63ED6}.Debug|Any CPU.ActiveCfg = Debug|Any CPU
		{6129245F-439A-4278-AE86-2A869AD63ED6}.Debug|Any CPU.Build.0 = Debug|Any CPU
		{6129245F-439A-4278-AE86-2A869AD63ED6}.Release|Any CPU.ActiveCfg = Release|Any CPU
		{6129245F-439A-4278-AE86-2A869AD63ED6}.Release|Any CPU.Build.0 = Release|Any CPU
		{DFF36A5E-BC6C-4DF3-9746-B501EDE9D4A5}.Debug|Any CPU.ActiveCfg = Debug|Any CPU
		{DFF36A5E-BC6C-4DF3-9746-B501EDE9D4A5}.Debug|Any CPU.Build.0 = Debug|Any CPU
		{DFF36A5E-BC6C-4DF3-9746-B501EDE9D4A5}.Release|Any CPU.ActiveCfg = Release|Any CPU
		{DFF36A5E-BC6C-4DF3-9746-B501EDE9D4A5}.Release|Any CPU.Build.0 = Release|Any CPU
		{730B154E-64BC-4811-9484-AEFE160951C0}.Debug|Any CPU.ActiveCfg = Debug|Any CPU
		{730B154E-64BC-4811-9484-AEFE160951C0}.Debug|Any CPU.Build.0 = Debug|Any CPU
		{730B154E-64BC-4811-9484-AEFE160951C0}.Release|Any CPU.ActiveCfg = Release|Any CPU
		{730B154E-64BC-4811-9484-AEFE160951C0}.Release|Any CPU.Build.0 = Release|Any CPU
		{D171D09A-AECB-448F-B3C2-9B3B80265E16}.Debug|Any CPU.ActiveCfg = Debug|Any CPU
		{D171D09A-AECB-448F-B3C2-9B3B80265E16}.Debug|Any CPU.Build.0 = Debug|Any CPU
		{D171D09A-AECB-448F-B3C2-9B3B80265E16}.Release|Any CPU.ActiveCfg = Release|Any CPU
		{D171D09A-AECB-448F-B3C2-9B3B80265E16}.Release|Any CPU.Build.0 = Release|Any CPU
		{52CB69C8-4A06-49E8-B946-3A2F7F5B17B8}.Debug|Any CPU.ActiveCfg = Debug|Any CPU
		{52CB69C8-4A06-49E8-B946-3A2F7F5B17B8}.Debug|Any CPU.Build.0 = Debug|Any CPU
		{52CB69C8-4A06-49E8-B946-3A2F7F5B17B8}.Release|Any CPU.ActiveCfg = Release|Any CPU
		{52CB69C8-4A06-49E8-B946-3A2F7F5B17B8}.Release|Any CPU.Build.0 = Release|Any CPU
		{7A87E7E8-BAEE-4FC4-9D0A-9A1AB286DE53}.Debug|Any CPU.ActiveCfg = Debug|Any CPU
		{7A87E7E8-BAEE-4FC4-9D0A-9A1AB286DE53}.Debug|Any CPU.Build.0 = Debug|Any CPU
		{7A87E7E8-BAEE-4FC4-9D0A-9A1AB286DE53}.Release|Any CPU.ActiveCfg = Release|Any CPU
		{7A87E7E8-BAEE-4FC4-9D0A-9A1AB286DE53}.Release|Any CPU.Build.0 = Release|Any CPU
		{6A9F031D-4129-45DE-B3A8-F8F6447C8972}.Debug|Any CPU.ActiveCfg = Debug|Any CPU
		{6A9F031D-4129-45DE-B3A8-F8F6447C8972}.Debug|Any CPU.Build.0 = Debug|Any CPU
		{6A9F031D-4129-45DE-B3A8-F8F6447C8972}.Release|Any CPU.ActiveCfg = Release|Any CPU
		{6A9F031D-4129-45DE-B3A8-F8F6447C8972}.Release|Any CPU.Build.0 = Release|Any CPU
		{79A1D1CF-F8FA-43AE-A096-F53D8450EC88}.Debug|Any CPU.ActiveCfg = Debug|Any CPU
		{79A1D1CF-F8FA-43AE-A096-F53D8450EC88}.Debug|Any CPU.Build.0 = Debug|Any CPU
		{79A1D1CF-F8FA-43AE-A096-F53D8450EC88}.Release|Any CPU.ActiveCfg = Release|Any CPU
		{79A1D1CF-F8FA-43AE-A096-F53D8450EC88}.Release|Any CPU.Build.0 = Release|Any CPU
		{1CDAC938-C496-4226-9D29-84784A5DEBAD}.Debug|Any CPU.ActiveCfg = Debug|Any CPU
		{1CDAC938-C496-4226-9D29-84784A5DEBAD}.Debug|Any CPU.Build.0 = Debug|Any CPU
		{1CDAC938-C496-4226-9D29-84784A5DEBAD}.Release|Any CPU.ActiveCfg = Release|Any CPU
		{1CDAC938-C496-4226-9D29-84784A5DEBAD}.Release|Any CPU.Build.0 = Release|Any CPU
		{3F31004D-A7C2-4681-B6D6-F0568E110D66}.Debug|Any CPU.ActiveCfg = Debug|Any CPU
		{3F31004D-A7C2-4681-B6D6-F0568E110D66}.Debug|Any CPU.Build.0 = Debug|Any CPU
		{3F31004D-A7C2-4681-B6D6-F0568E110D66}.Release|Any CPU.ActiveCfg = Release|Any CPU
		{3F31004D-A7C2-4681-B6D6-F0568E110D66}.Release|Any CPU.Build.0 = Release|Any CPU
		{560D69AB-F174-46CD-BF53-ED405576E048}.Debug|Any CPU.ActiveCfg = Debug|Any CPU
		{560D69AB-F174-46CD-BF53-ED405576E048}.Debug|Any CPU.Build.0 = Debug|Any CPU
		{560D69AB-F174-46CD-BF53-ED405576E048}.Release|Any CPU.ActiveCfg = Release|Any CPU
		{560D69AB-F174-46CD-BF53-ED405576E048}.Release|Any CPU.Build.0 = Release|Any CPU
		{57499B5D-CB3C-4899-952F-6BA4559EFF60}.Debug|Any CPU.ActiveCfg = Debug|Any CPU
		{57499B5D-CB3C-4899-952F-6BA4559EFF60}.Debug|Any CPU.Build.0 = Debug|Any CPU
		{57499B5D-CB3C-4899-952F-6BA4559EFF60}.Release|Any CPU.ActiveCfg = Release|Any CPU
		{57499B5D-CB3C-4899-952F-6BA4559EFF60}.Release|Any CPU.Build.0 = Release|Any CPU
		{2B9EFA12-757B-4F72-936C-E52E552CC7BF}.Debug|Any CPU.ActiveCfg = Debug|Any CPU
		{2B9EFA12-757B-4F72-936C-E52E552CC7BF}.Debug|Any CPU.Build.0 = Debug|Any CPU
		{2B9EFA12-757B-4F72-936C-E52E552CC7BF}.Release|Any CPU.ActiveCfg = Release|Any CPU
		{2B9EFA12-757B-4F72-936C-E52E552CC7BF}.Release|Any CPU.Build.0 = Release|Any CPU
		{6455CE18-68A9-4E67-80D4-2A78839900B9}.Debug|Any CPU.ActiveCfg = Debug|Any CPU
		{6455CE18-68A9-4E67-80D4-2A78839900B9}.Debug|Any CPU.Build.0 = Debug|Any CPU
		{6455CE18-68A9-4E67-80D4-2A78839900B9}.Release|Any CPU.ActiveCfg = Release|Any CPU
		{6455CE18-68A9-4E67-80D4-2A78839900B9}.Release|Any CPU.Build.0 = Release|Any CPU
		{80ECC293-A5DA-4AB4-A40B-0928B064A670}.Debug|Any CPU.ActiveCfg = Debug|Any CPU
		{80ECC293-A5DA-4AB4-A40B-0928B064A670}.Debug|Any CPU.Build.0 = Debug|Any CPU
		{80ECC293-A5DA-4AB4-A40B-0928B064A670}.Release|Any CPU.ActiveCfg = Release|Any CPU
		{80ECC293-A5DA-4AB4-A40B-0928B064A670}.Release|Any CPU.Build.0 = Release|Any CPU
		{12C2A3F4-0116-41A6-9522-23CD5053FCAB}.Debug|Any CPU.ActiveCfg = Debug|Any CPU
		{12C2A3F4-0116-41A6-9522-23CD5053FCAB}.Debug|Any CPU.Build.0 = Debug|Any CPU
		{12C2A3F4-0116-41A6-9522-23CD5053FCAB}.Release|Any CPU.ActiveCfg = Release|Any CPU
		{12C2A3F4-0116-41A6-9522-23CD5053FCAB}.Release|Any CPU.Build.0 = Release|Any CPU
		{6E3067A1-C204-4D6F-BE60-122D4760AF0B}.Debug|Any CPU.ActiveCfg = Debug|Any CPU
		{6E3067A1-C204-4D6F-BE60-122D4760AF0B}.Debug|Any CPU.Build.0 = Debug|Any CPU
		{6E3067A1-C204-4D6F-BE60-122D4760AF0B}.Release|Any CPU.ActiveCfg = Release|Any CPU
		{6E3067A1-C204-4D6F-BE60-122D4760AF0B}.Release|Any CPU.Build.0 = Release|Any CPU
		{01A2E270-AADA-4991-8E56-EFCB59C4F6A5}.Debug|Any CPU.ActiveCfg = Debug|Any CPU
		{01A2E270-AADA-4991-8E56-EFCB59C4F6A5}.Debug|Any CPU.Build.0 = Debug|Any CPU
		{01A2E270-AADA-4991-8E56-EFCB59C4F6A5}.Release|Any CPU.ActiveCfg = Release|Any CPU
		{01A2E270-AADA-4991-8E56-EFCB59C4F6A5}.Release|Any CPU.Build.0 = Release|Any CPU
		{6D865FF5-0093-4A68-BD2F-9B8679F33F91}.Debug|Any CPU.ActiveCfg = Debug|Any CPU
		{6D865FF5-0093-4A68-BD2F-9B8679F33F91}.Debug|Any CPU.Build.0 = Debug|Any CPU
		{6D865FF5-0093-4A68-BD2F-9B8679F33F91}.Release|Any CPU.ActiveCfg = Release|Any CPU
		{6D865FF5-0093-4A68-BD2F-9B8679F33F91}.Release|Any CPU.Build.0 = Release|Any CPU
		{58463B9A-B290-4968-818C-3BFCA6CB1935}.Debug|Any CPU.ActiveCfg = Debug|Any CPU
		{58463B9A-B290-4968-818C-3BFCA6CB1935}.Debug|Any CPU.Build.0 = Debug|Any CPU
		{58463B9A-B290-4968-818C-3BFCA6CB1935}.Release|Any CPU.ActiveCfg = Release|Any CPU
		{58463B9A-B290-4968-818C-3BFCA6CB1935}.Release|Any CPU.Build.0 = Release|Any CPU
		{589A1A8F-138B-4439-92F3-02A87726675B}.Debug|Any CPU.ActiveCfg = Debug|Any CPU
		{589A1A8F-138B-4439-92F3-02A87726675B}.Debug|Any CPU.Build.0 = Debug|Any CPU
		{589A1A8F-138B-4439-92F3-02A87726675B}.Release|Any CPU.ActiveCfg = Release|Any CPU
		{589A1A8F-138B-4439-92F3-02A87726675B}.Release|Any CPU.Build.0 = Release|Any CPU
		{44047DEF-2B16-48A2-BF0D-36977C97D65F}.Debug|Any CPU.ActiveCfg = Debug|Any CPU
		{44047DEF-2B16-48A2-BF0D-36977C97D65F}.Debug|Any CPU.Build.0 = Debug|Any CPU
		{44047DEF-2B16-48A2-BF0D-36977C97D65F}.Release|Any CPU.ActiveCfg = Release|Any CPU
		{44047DEF-2B16-48A2-BF0D-36977C97D65F}.Release|Any CPU.Build.0 = Release|Any CPU
		{47DBDD0C-0840-4DC2-8030-E8063B9F11D9}.Debug|Any CPU.ActiveCfg = Debug|Any CPU
		{47DBDD0C-0840-4DC2-8030-E8063B9F11D9}.Debug|Any CPU.Build.0 = Debug|Any CPU
		{47DBDD0C-0840-4DC2-8030-E8063B9F11D9}.Release|Any CPU.ActiveCfg = Release|Any CPU
		{47DBDD0C-0840-4DC2-8030-E8063B9F11D9}.Release|Any CPU.Build.0 = Release|Any CPU
		{082C3649-D5E1-4233-A1DA-61F76EF82DD5}.Debug|Any CPU.ActiveCfg = Debug|Any CPU
		{082C3649-D5E1-4233-A1DA-61F76EF82DD5}.Debug|Any CPU.Build.0 = Debug|Any CPU
		{082C3649-D5E1-4233-A1DA-61F76EF82DD5}.Release|Any CPU.ActiveCfg = Release|Any CPU
		{082C3649-D5E1-4233-A1DA-61F76EF82DD5}.Release|Any CPU.Build.0 = Release|Any CPU
		{D058EC94-B532-4CE6-9D64-97BF0EF2859D}.Debug|Any CPU.ActiveCfg = Debug|Any CPU
		{D058EC94-B532-4CE6-9D64-97BF0EF2859D}.Debug|Any CPU.Build.0 = Debug|Any CPU
		{D058EC94-B532-4CE6-9D64-97BF0EF2859D}.Release|Any CPU.ActiveCfg = Release|Any CPU
		{D058EC94-B532-4CE6-9D64-97BF0EF2859D}.Release|Any CPU.Build.0 = Release|Any CPU
		{B361C04E-8330-4703-937C-1B909B2EE7DD}.Debug|Any CPU.ActiveCfg = Debug|Any CPU
		{B361C04E-8330-4703-937C-1B909B2EE7DD}.Debug|Any CPU.Build.0 = Debug|Any CPU
		{B361C04E-8330-4703-937C-1B909B2EE7DD}.Release|Any CPU.ActiveCfg = Release|Any CPU
		{B361C04E-8330-4703-937C-1B909B2EE7DD}.Release|Any CPU.Build.0 = Release|Any CPU
		{A012D213-4278-42DE-BC2F-5C1BD4343EAA}.Debug|Any CPU.ActiveCfg = Debug|Any CPU
		{A012D213-4278-42DE-BC2F-5C1BD4343EAA}.Debug|Any CPU.Build.0 = Debug|Any CPU
		{A012D213-4278-42DE-BC2F-5C1BD4343EAA}.Release|Any CPU.ActiveCfg = Release|Any CPU
		{A012D213-4278-42DE-BC2F-5C1BD4343EAA}.Release|Any CPU.Build.0 = Release|Any CPU
		{29A62592-7F0A-473D-A869-5C2647C80ED9}.Debug|Any CPU.ActiveCfg = Debug|Any CPU
		{29A62592-7F0A-473D-A869-5C2647C80ED9}.Debug|Any CPU.Build.0 = Debug|Any CPU
		{29A62592-7F0A-473D-A869-5C2647C80ED9}.Release|Any CPU.ActiveCfg = Release|Any CPU
		{29A62592-7F0A-473D-A869-5C2647C80ED9}.Release|Any CPU.Build.0 = Release|Any CPU
		{C1DBB2A6-3A92-4495-A454-3134C69A21EF}.Debug|Any CPU.ActiveCfg = Debug|Any CPU
		{C1DBB2A6-3A92-4495-A454-3134C69A21EF}.Debug|Any CPU.Build.0 = Debug|Any CPU
		{C1DBB2A6-3A92-4495-A454-3134C69A21EF}.Release|Any CPU.ActiveCfg = Release|Any CPU
		{C1DBB2A6-3A92-4495-A454-3134C69A21EF}.Release|Any CPU.Build.0 = Release|Any CPU
		{4790803E-21B8-4FE6-991C-EC2430D0580D}.Debug|Any CPU.ActiveCfg = Debug|Any CPU
		{4790803E-21B8-4FE6-991C-EC2430D0580D}.Debug|Any CPU.Build.0 = Debug|Any CPU
		{4790803E-21B8-4FE6-991C-EC2430D0580D}.Release|Any CPU.ActiveCfg = Release|Any CPU
		{4790803E-21B8-4FE6-991C-EC2430D0580D}.Release|Any CPU.Build.0 = Release|Any CPU
		{E4B9C65B-F87F-48B7-A8BF-1F2B8EE93440}.Debug|Any CPU.ActiveCfg = Debug|Any CPU
		{E4B9C65B-F87F-48B7-A8BF-1F2B8EE93440}.Debug|Any CPU.Build.0 = Debug|Any CPU
		{E4B9C65B-F87F-48B7-A8BF-1F2B8EE93440}.Release|Any CPU.ActiveCfg = Release|Any CPU
		{E4B9C65B-F87F-48B7-A8BF-1F2B8EE93440}.Release|Any CPU.Build.0 = Release|Any CPU
	EndGlobalSection
	GlobalSection(SolutionProperties) = preSolution
		HideSolutionNode = FALSE
	EndGlobalSection
	GlobalSection(ExtensibilityGlobals) = postSolution
		SolutionGuid = {9E1C0A9E-282E-48F3-8A13-5DEF40BB7A5B}
	EndGlobalSection
EndGlobal
